
Microsoft Visual Studio Solution File, Format Version 12.00
# Visual Studio 15
VisualStudioVersion = 15.0.27130.2036
MinimumVisualStudioVersion = 10.0.40219.1
Project("{FAE04EC0-301F-11D3-BF4B-00C04F79EFBC}") = "Tarea2018", "Tarea2018\Tarea2018.csproj", "{C22781AB-189D-4740-815D-6A94C132DBC4}"
EndProject
Global
	GlobalSection(SolutionConfigurationPlatforms) = preSolution
		Debug|Any CPU = Debug|Any CPU
		Release|Any CPU = Release|Any CPU
	EndGlobalSection
	GlobalSection(ProjectConfigurationPlatforms) = postSolution
		{C22781AB-189D-4740-815D-6A94C132DBC4}.Debug|Any CPU.ActiveCfg = Debug|Any CPU
		{C22781AB-189D-4740-815D-6A94C132DBC4}.Debug|Any CPU.Build.0 = Debug|Any CPU
		{C22781AB-189D-4740-815D-6A94C132DBC4}.Release|Any CPU.ActiveCfg = Release|Any CPU
		{C22781AB-189D-4740-815D-6A94C132DBC4}.Release|Any CPU.Build.0 = Release|Any CPU
	EndGlobalSection
	GlobalSection(SolutionProperties) = preSolution
		HideSolutionNode = FALSE
	EndGlobalSection
	GlobalSection(ExtensibilityGlobals) = postSolution
		SolutionGuid = {DDF84714-F0C0-46FB-9D12-499379643BD0}
	EndGlobalSection
EndGlobal
